PODS:
  - GoogleMaps (2.7.0):
    - GoogleMaps/Maps (= 2.7.0)
  - GoogleMaps/Base (2.7.0)
  - GoogleMaps/Maps (2.7.0):
    - GoogleMaps/Base
  - ReachabilitySwift (4.1.0)

DEPENDENCIES:
  - GoogleMaps
  - ReachabilitySwift

SPEC REPOS:
  https://github.com/cocoapods/specs.git:
    - GoogleMaps
    - ReachabilitySwift

SPEC CHECKSUMS:
  GoogleMaps: f79af95cb24d869457b1f961c93d3ce8b2f3b848
  ReachabilitySwift: 6849231cd4e06559f3b9ef4a97a0a0f96d41e09f

PODFILE CHECKSUM: 685f07f257e82a845c99480df642e26c264716a0

COCOAPODS: 1.5.3
